
Microsoft Visual Studio Solution File, Format Version 12.00
# Visual Studio Version 16
VisualStudioVersion = 16.0.29709.97
MinimumVisualStudioVersion = 10.0.40219.1
Project("{FAE04EC0-301F-11D3-BF4B-00C04F79EFBC}") = "MVC_Lab", "MVC_Lab\MVC_Lab.csproj", "{28479A9B-8EA4-418C-8A19-26D96062DFA1}"
EndProject
Global
	GlobalSection(SolutionConfigurationPlatforms) = preSolution
		Debug|Any CPU = Debug|Any CPU
		Release|Any CPU = Release|Any CPU
	EndGlobalSection
	GlobalSection(ProjectConfigurationPlatforms) = postSolution
		{28479A9B-8EA4-418C-8A19-26D96062DFA1}.Debug|Any CPU.ActiveCfg = Debug|Any CPU
		{28479A9B-8EA4-418C-8A19-26D96062DFA1}.Debug|Any CPU.Build.0 = Debug|Any CPU
		{28479A9B-8EA4-418C-8A19-26D96062DFA1}.Release|Any CPU.ActiveCfg = Release|Any CPU
		{28479A9B-8EA4-418C-8A19-26D96062DFA1}.Release|Any CPU.Build.0 = Release|Any CPU
	EndGlobalSection
	GlobalSection(SolutionProperties) = preSolution
		HideSolutionNode = FALSE
	EndGlobalSection
	GlobalSection(ExtensibilityGlobals) = postSolution
		SolutionGuid = {34C33131-670C-4DBA-A0AF-008A77485645}
	EndGlobalSection
EndGlobal
